
Microsoft Visual Studio Solution File, Format Version 12.00
# Visual Studio 15
VisualStudioVersion = 15.0.28307.421
MinimumVisualStudioVersion = 10.0.40219.1
Project("{FAE04EC0-301F-11D3-BF4B-00C04F79EFBC}") = "ACME.Maintenance.Domain", "ACME.Maintenance.Domain\ACME.Maintenance.Domain.csproj", "{7856C8DC-0B45-4497-BF67-BAEFAA4BDADF}"
EndProject
Project("{FAE04EC0-301F-11D3-BF4B-00C04F79EFBC}") = "ACME.Maintenance.Domain.Test", "ACME.Maintenance.Domain.Test\ACME.Maintenance.Domain.Test.csproj", "{CACEA5E2-6243-4A91-A182-4FAF5B2E8548}"
EndProject
Project("{FAE04EC0-301F-11D3-BF4B-00C04F79EFBC}") = "ACME.Maintenance.Persistence", "ACME.Maintenance.Persistence\ACME.Maintenance.Persistence.csproj", "{7DE2FD19-D00C-4DAA-B93B-E15086077BC6}"
EndProject
Global
	GlobalSection(SolutionConfigurationPlatforms) = preSolution
		Debug|Any CPU = Debug|Any CPU
		Release|Any CPU = Release|Any CPU
	EndGlobalSection
	GlobalSection(ProjectConfigurationPlatforms) = postSolution
		{7856C8DC-0B45-4497-BF67-BAEFAA4BDADF}.Debug|Any CPU.ActiveCfg = Debug|Any CPU
		{7856C8DC-0B45-4497-BF67-BAEFAA4BDADF}.Debug|Any CPU.Build.0 = Debug|Any CPU
		{7856C8DC-0B45-4497-BF67-BAEFAA4BDADF}.Release|Any CPU.ActiveCfg = Release|Any CPU
		{7856C8DC-0B45-4497-BF67-BAEFAA4BDADF}.Release|Any CPU.Build.0 = Release|Any CPU
		{CACEA5E2-6243-4A91-A182-4FAF5B2E8548}.Debug|Any CPU.ActiveCfg = Debug|Any CPU
		{CACEA5E2-6243-4A91-A182-4FAF5B2E8548}.Debug|Any CPU.Build.0 = Debug|Any CPU
		{CACEA5E2-6243-4A91-A182-4FAF5B2E8548}.Release|Any CPU.ActiveCfg = Release|Any CPU
		{CACEA5E2-6243-4A91-A182-4FAF5B2E8548}.Release|Any CPU.Build.0 = Release|Any CPU
		{7DE2FD19-D00C-4DAA-B93B-E15086077BC6}.Debug|Any CPU.ActiveCfg = Debug|Any CPU
		{7DE2FD19-D00C-4DAA-B93B-E15086077BC6}.Debug|Any CPU.Build.0 = Debug|Any CPU
		{7DE2FD19-D00C-4DAA-B93B-E15086077BC6}.Release|Any CPU.ActiveCfg = Release|Any CPU
		{7DE2FD19-D00C-4DAA-B93B-E15086077BC6}.Release|Any CPU.Build.0 = Release|Any CPU
	EndGlobalSection
	GlobalSection(SolutionProperties) = preSolution
		HideSolutionNode = FALSE
	EndGlobalSection
	GlobalSection(ExtensibilityGlobals) = postSolution
		SolutionGuid = {8D02399A-24B8-4F3D-BAE1-D0E6B534BD80}
	EndGlobalSection
EndGlobal
